// !$*UTF8*$!
{
	archiveVersion = 1;
	classes = {
	};
	objectVersion = 50;
	objects = {

/* Begin PBXBuildFile section */
		9C718D2F22B4C0870075A93A /* AppDelegate.swift in Sources */ = {isa = PBXBuildFile; fileRef = 9C718D2E22B4C0870075A93A /* AppDelegate.swift */; };
		9C718D3122B4C0870075A93A /* ViewController.swift in Sources */ = {isa = PBXBuildFile; fileRef = 9C718D3022B4C0870075A93A /* ViewController.swift */; };
		9C718D3422B4C0870075A93A /* Main.storyboard in Resources */ = {isa = PBXBuildFile; fileRef = 9C718D3222B4C0870075A93A /* Main.storyboard */; };
		9C718D3622B4C0890075A93A /* Assets.xcassets in Resources */ = {isa = PBXBuildFile; fileRef = 9C718D3522B4C0890075A93A /* Assets.xcassets */; };
		9C718D3922B4C0890075A93A /* LaunchScreen.storyboard in Resources */ = {isa = PBXBuildFile; fileRef = 9C718D3722B4C0890075A93A /* LaunchScreen.storyboard */; };
		9C718D4422B4C0890075A93A /* CountTests.swift in Sources */ = {isa = PBXBuildFile; fileRef = 9C718D4322B4C0890075A93A /* CountTests.swift */; };
		9C718D4F22B4C0890075A93A /* CountUITests.swift in Sources */ = {isa = PBXBuildFile; fileRef = 9C718D4E22B4C0890075A93A /* CountUITests.swift */; };
		9C718D5D22B4C21D0075A93A /* 1553047263691.jpg in Resources */ = {isa = PBXBuildFile; fileRef = 9C718D5C22B4C21D0075A93A /* 1553047263691.jpg */; };
/* End PBXBuildFile section */

/* Begin PBXContainerItemProxy section */
		9C718D4022B4C0890075A93A /* PBXContainerItemProxy */ = {
			isa = PBXContainerItemProxy;
			containerPortal = 9C718D2322B4C0870075A93A /* Project object */;
			proxyType = 1;
			remoteGlobalIDString = 9C718D2A22B4C0870075A93A;
			remoteInfo = Count;
		};
		9C718D4B22B4C0890075A93A /* PBXContainerItemProxy */ = {
			isa = PBXContainerItemProxy;
			containerPortal = 9C718D2322B4C0870075A93A /* Project object */;
			proxyType = 1;
			remoteGlobalIDString = 9C718D2A22B4C0870075A93A;
			remoteInfo = Count;
		};
/* End PBXContainerItemProxy section */

/* Begin PBXFileReference section */
		9C718D2B22B4C0870075A93A /* Count.app */ = {isa = PBXFileReference; explicitFileType = wrapper.application; includeInIndex = 0; path = Count.app; sourceTree = BUILT_PRODUCTS_DIR; };
		9C718D2E22B4C0870075A93A /* AppDelegate.swift */ = {isa = PBXFileReference; lastKnownFileType = sourcecode.swift; path = AppDelegate.swift; sourceTree = "<group>"; };
		9C718D3022B4C0870075A93A /* ViewController.swift */ = {isa = PBXFileReference; lastKnownFileType = sourcecode.swift; path = ViewController.swift; sourceTree = "<group>"; };
		9C718D3322B4C0870075A93A /* Base */ = {isa = PBXFileReference; lastKnownFileType = file.storyboard; name = Base; path = Base.lproj/Main.storyboard; sourceTree = "<group>"; };
		9C718D3522B4C0890075A93A /* Assets.xcassets */ = {isa = PBXFileReference; lastKnownFileType = folder.assetcatalog; path = Assets.xcassets; sourceTree = "<group>"; };
		9C718D3822B4C0890075A93A /* Base */ = {isa = PBXFileReference; lastKnownFileType = file.storyboard; name = Base; path = Base.lproj/LaunchScreen.storyboard; sourceTree = "<group>"; };
		9C718D3A22B4C0890075A93A /* Info.plist */ = {isa = PBXFileReference; lastKnownFileType = text.plist.xml; path = Info.plist; sourceTree = "<group>"; };
		9C718D3F22B4C0890075A93A /* CountTests.xctest */ = {isa = PBXFileReference; explicitFileType = wrapper.cfbundle; includeInIndex = 0; path = CountTests.xctest; sourceTree = BUILT_PRODUCTS_DIR; };
		9C718D4322B4C0890075A93A /* CountTests.swift */ = {isa = PBXFileReference; lastKnownFileType = sourcecode.swift; path = CountTests.swift; sourceTree = "<group>"; };
		9C718D4522B4C0890075A93A /* Info.plist */ = {isa = PBXFileReference; lastKnownFileType = text.plist.xml; path = Info.plist; sourceTree = "<group>"; };
		9C718D4A22B4C0890075A93A /* CountUITests.xctest */ = {isa = PBXFileReference; explicitFileType = wrapper.cfbundle; includeInIndex = 0; path = CountUITests.xctest; sourceTree = BUILT_PRODUCTS_DIR; };
		9C718D4E22B4C0890075A93A /* CountUITests.swift */ = {isa = PBXFileReference; lastKnownFileType = sourcecode.swift; path = CountUITests.swift; sourceTree = "<group>"; };
		9C718D5022B4C0890075A93A /* Info.plist */ = {isa = PBXFileReference; lastKnownFileType = text.plist.xml; path = Info.plist; sourceTree = "<group>"; };
		9C718D5C22B4C21D0075A93A /* 1553047263691.jpg */ = {isa = PBXFileReference; lastKnownFileType = image.jpeg; name = 1553047263691.jpg; path = ../../1553047263691.jpg; sourceTree = "<group>"; };
/* End PBXFileReference section */

/* Begin PBXFrameworksBuildPhase section */
		9C718D2822B4C0870075A93A /* Frameworks */ = {
			isa = PBXFrameworksBuildPhase;
			buildActionMask = 2147483647;
			files = (
			);
			runOnlyForDeploymentPostprocessing = 0;
		};
		9C718D3C22B4C0890075A93A /* Frameworks */ = {
			isa = PBXFrameworksBuildPhase;
			buildActionMask = 2147483647;
			files = (
			);
			runOnlyForDeploymentPostprocessing = 0;
		};
		9C718D4722B4C0890075A93A /* Frameworks */ = {
			isa = PBXFrameworksBuildPhase;
			buildActionMask = 2147483647;
			files = (
			);
			runOnlyForDeploymentPostprocessing = 0;
		};
/* End PBXFrameworksBuildPhase section */

/* Begin PBXGroup section */
		9C718D2222B4C0870075A93A = {
			isa = PBXGroup;
			children = (
				9C718D2D22B4C0870075A93A /* Count */,
				9C718D4222B4C0890075A93A /* CountTests */,
				9C718D4D22B4C0890075A93A /* CountUITests */,
				9C718D2C22B4C0870075A93A /* Products */,
			);
			sourceTree = "<group>";
		};
		9C718D2C22B4C0870075A93A /* Products */ = {
			isa = PBXGroup;
			children = (
				9C718D2B22B4C0870075A93A /* Count.app */,
				9C718D3F22B4C0890075A93A /* CountTests.xctest */,
				9C718D4A22B4C0890075A93A /* CountUITests.xctest */,
			);
			name = Products;
			sourceTree = "<group>";
		};
		9C718D2D22B4C0870075A93A /* Count */ = {
			isa = PBXGroup;
			children = (
				9C718D2E22B4C0870075A93A /* AppDelegate.swift */,
				9C718D5C22B4C21D0075A93A /* 1553047263691.jpg */,
				9C718D3022B4C0870075A93A /* ViewController.swift */,
				9C718D3222B4C0870075A93A /* Main.storyboard */,
				9C718D3522B4C0890075A93A /* Assets.xcassets */,
				9C718D3722B4C0890075A93A /* LaunchScreen.storyboard */,
				9C718D3A22B4C0890075A93A /* Info.plist */,
			);
			path = Count;
			sourceTree = "<group>";
		};
		9C718D4222B4C0890075A93A /* CountTests */ = {
			isa = PBXGroup;
			children = (
				9C718D4322B4C0890075A93A /* CountTests.swift */,
				9C718D4522B4C0890075A93A /* Info.plist */,
			);
			path = CountTests;
			sourceTree = "<group>";
		};
		9C718D4D22B4C0890075A93A /* CountUITests */ = {
			isa = PBXGroup;
			children = (
				9C718D4E22B4C0890075A93A /* CountUITests.swift */,
				9C718D5022B4C0890075A93A /* Info.plist */,
			);
			path = CountUITests;
			sourceTree = "<group>";
		};
/* End PBXGroup section */

/* Begin PBXNativeTarget section */
		9C718D2A22B4C0870075A93A /* Count */ = {
			isa = PBXNativeTarget;
			buildConfigurationList = 9C718D5322B4C0890075A93A /* Build configuration list for PBXNativeTarget "Count" */;
			buildPhases = (
				9C718D2722B4C0870075A93A /* Sources */,
				9C718D2822B4C0870075A93A /* Frameworks */,
				9C718D2922B4C0870075A93A /* Resources */,
			);
			buildRules = (
			);
			dependencies = (
			);
			name = Count;
			productName = Count;
			productReference = 9C718D2B22B4C0870075A93A /* Count.app */;
			productType = "com.apple.product-type.application";
		};
		9C718D3E22B4C0890075A93A /* CountTests */ = {
			isa = PBXNativeTarget;
			buildConfigurationList = 9C718D5622B4C0890075A93A /* Build configuration list for PBXNativeTarget "CountTests" */;
			buildPhases = (
				9C718D3B22B4C0890075A93A /* Sources */,
				9C718D3C22B4C0890075A93A /* Frameworks */,
				9C718D3D22B4C0890075A93A /* Resources */,
			);
			buildRules = (
			);
			dependencies = (
				9C718D4122B4C0890075A93A /* PBXTargetDependency */,
			);
			name = CountTests;
			productName = CountTests;
			productReference = 9C718D3F22B4C0890075A93A /* CountTests.xctest */;
			productType = "com.apple.product-type.bundle.unit-test";
		};
		9C718D4922B4C0890075A93A /* CountUITests */ = {
			isa = PBXNativeTarget;
			buildConfigurationList = 9C718D5922B4C0890075A93A /* Build configuration list for PBXNativeTarget "CountUITests" */;
			buildPhases = (
				9C718D4622B4C0890075A93A /* Sources */,
				9C718D4722B4C0890075A93A /* Frameworks */,
				9C718D4822B4C0890075A93A /* Resources */,
			);
			buildRules = (
			);
			dependencies = (
				9C718D4C22B4C0890075A93A /* PBXTargetDependency */,
			);
			name = CountUITests;
			productName = CountUITests;
			productReference = 9C718D4A22B4C0890075A93A /* CountUITests.xctest */;
			productType = "com.apple.product-type.bundle.ui-testing";
		};
/* End PBXNativeTarget section */

/* Begin PBXProject section */
		9C718D2322B4C0870075A93A /* Project object */ = {
			isa = PBXProject;
			attributes = {
				LastSwiftUpdateCheck = 1020;
				LastUpgradeCheck = 1020;
				ORGANIZATIONNAME = "Endo Takumi";
				TargetAttributes = {
					9C718D2A22B4C0870075A93A = {
						CreatedOnToolsVersion = 10.2.1;
					};
					9C718D3E22B4C0890075A93A = {
						CreatedOnToolsVersion = 10.2.1;
						TestTargetID = 9C718D2A22B4C0870075A93A;
					};
					9C718D4922B4C0890075A93A = {
						CreatedOnToolsVersion = 10.2.1;
						TestTargetID = 9C718D2A22B4C0870075A93A;
					};
				};
			};
			buildConfigurationList = 9C718D2622B4C0870075A93A /* Build configuration list for PBXProject "Count" */;
			compatibilityVersion = "Xcode 9.3";
			developmentRegion = en;
			hasScannedForEncodings = 0;
			knownRegions = (
				en,
				Base,
			);
			mainGroup = 9C718D2222B4C0870075A93A;
			productRefGroup = 9C718D2C22B4C0870075A93A /* Products */;
			projectDirPath = "";
			projectRoot = "";
			targets = (
				9C718D2A22B4C0870075A93A /* Count */,
				9C718D3E22B4C0890075A93A /* CountTests */,
				9C718D4922B4C0890075A93A /* CountUITests */,
			);
		};
/* End PBXProject section */

/* Begin PBXResourcesBuildPhase section */
		9C718D2922B4C0870075A93A /* Resources */ = {
			isa = PBXResourcesBuildPhase;
			buildActionMask = 2147483647;
			files = (
				9C718D5D22B4C21D0075A93A /* 1553047263691.jpg in Resources */,
				9C718D3922B4C0890075A93A /* LaunchScreen.storyboard in Resources */,
				9C718D3622B4C0890075A93A /* Assets.xcassets in Resources */,
				9C718D3422B4C0870075A93A /* Main.storyboard in Resources */,
			);
			runOnlyForDeploymentPostprocessing = 0;
		};
		9C718D3D22B4C0890075A93A /* Resources */ = {
			isa = PBXResourcesBuildPhase;
			buildActionMask = 2147483647;
			files = (
			);
			runOnlyForDeploymentPostprocessing = 0;
		};
		9C718D4822B4C0890075A93A /* Resources */ = {
			isa = PBXResourcesBuildPhase;
			buildActionMask = 2147483647;
			files = (
			);
			runOnlyForDeploymentPostprocessing = 0;
		};
/* End PBXResourcesBuildPhase section */

/* Begin PBXSourcesBuildPhase section */
		9C718D2722B4C0870075A93A /* Sources */ = {
			isa = PBXSourcesBuildPhase;
			buildActionMask = 2147483647;
			files = (
				9C718D3122B4C0870075A93A /* ViewController.swift in Sources */,
				9C718D2F22B4C0870075A93A /* AppDelegate.swift in Sources */,
			);
			runOnlyForDeploymentPostprocessing = 0;
		};
		9C718D3B22B4C0890075A93A /* Sources */ = {
			isa = PBXSourcesBuildPhase;
			buildActionMask = 2147483647;
			files = (
				9C718D4422B4C0890075A93A /* CountTests.swift in Sources */,
			);
			runOnlyForDeploymentPostprocessing = 0;
		};
		9C718D4622B4C0890075A93A /* Sources */ = {
			isa = PBXSourcesBuildPhase;
			buildActionMask = 2147483647;
			files = (
				9C718D4F22B4C0890075A93A /* CountUITests.swift in Sources */,
			);
			runOnlyForDeploymentPostprocessing = 0;
		};
/* End PBXSourcesBuildPhase section */

/* Begin PBXTargetDependency section */
		9C718D4122B4C0890075A93A /* PBXTargetDependency */ = {
			isa = PBXTargetDependency;
			target = 9C718D2A22B4C0870075A93A /* Count */;
			targetProxy = 9C718D4022B4C0890075A93A /* PBXContainerItemProxy */;
		};
		9C718D4C22B4C0890075A93A /* PBXTargetDependency */ = {
			isa = PBXTargetDependency;
			target = 9C718D2A22B4C0870075A93A /* Count */;
			targetProxy = 9C718D4B22B4C0890075A93A /* PBXContainerItemProxy */;
		};
/* End PBXTargetDependency section */

/* Begin PBXVariantGroup section */
		9C718D3222B4C0870075A93A /* Main.storyboard */ = {
			isa = PBXVariantGroup;
			children = (
				9C718D3322B4C0870075A93A /* Base */,
			);
			name = Main.storyboard;
			sourceTree = "<group>";
		};
		9C718D3722B4C0890075A93A /* LaunchScreen.storyboard */ = {
			isa = PBXVariantGroup;
			children = (
				9C718D3822B4C0890075A93A /* Base */,
			);
			name = LaunchScreen.storyboard;
			sourceTree = "<group>";
		};
/* End PBXVariantGroup section */

/* Begin XCBuildConfiguration section */
		9C718D5122B4C0890075A93A /* Debug */ = {
			isa = XCBuildConfiguration;
			buildSettings = {
				ALWAYS_SEARCH_USER_PATHS = NO;
				CLANG_ANALYZER_NONNULL = YES;
				CLANG_ANALYZER_NUMBER_OBJECT_CONVERSION = YES_AGGRESSIVE;
				CLANG_CXX_LANGUAGE_STANDARD = "gnu++14";
				CLANG_CXX_LIBRARY = "libc++";
				CLANG_ENABLE_MODULES = YES;
				CLANG_ENABLE_OBJC_ARC = YES;
				CLANG_ENABLE_OBJC_WEAK = YES;
				CLANG_WARN_BLOCK_CAPTURE_AUTORELEASING = YES;
				CLANG_WARN_BOOL_CONVERSION = YES;
				CLANG_WARN_COMMA = YES;
				CLANG_WARN_CONSTANT_CONVERSION = YES;
				CLANG_WARN_DEPRECATED_OBJC_IMPLEMENTATIONS = YES;
				CLANG_WARN_DIRECT_OBJC_ISA_USAGE = YES_ERROR;
				CLANG_WARN_DOCUMENTATION_COMMENTS = YES;
				CLANG_WARN_EMPTY_BODY = YES;
				CLANG_WARN_ENUM_CONVERSION = YES;
				CLANG_WARN_INFINITE_RECURSION = YES;
				CLANG_WARN_INT_CONVERSION = YES;
				CLANG_WARN_NON_LITERAL_NULL_CONVERSION = YES;
				CLANG_WARN_OBJC_IMPLICIT_RETAIN_SELF = YES;
				CLANG_WARN_OBJC_LITERAL_CONVERSION = YES;
				CLANG_WARN_OBJC_ROOT_CLASS = YES_ERROR;
				CLANG_WARN_RANGE_LOOP_ANALYSIS = YES;
				CLANG_WARN_STRICT_PROTOTYPES = YES;
				CLANG_WARN_SUSPICIOUS_MOVE = YES;
				CLANG_WARN_UNGUARDED_AVAILABILITY = YES_AGGRESSIVE;
				CLANG_WARN_UNREACHABLE_CODE = YES;
				CLANG_WARN__DUPLICATE_METHOD_MATCH = YES;
				CODE_SIGN_IDENTITY = "iPhone Developer";
				COPY_PHASE_STRIP = NO;
				DEBUG_INFORMATION_FORMAT = dwarf;
				ENABLE_STRICT_OBJC_MSGSEND = YES;
				ENABLE_TESTABILITY = YES;
				GCC_C_LANGUAGE_STANDARD = gnu11;
				GCC_DYNAMIC_NO_PIC = NO;
				GCC_NO_COMMON_BLOCKS = YES;
				GCC_OPTIMIZATION_LEVEL = 0;
				GCC_PREPROCESSOR_DEFINITIONS = (
					"DEBUG=1",
					"$(inherited)",
				);
				GCC_WARN_64_TO_32_BIT_CONVERSION = YES;
				GCC_WARN_ABOUT_RETURN_TYPE = YES_ERROR;
				GCC_WARN_UNDECLARED_SELECTOR = YES;
				GCC_WARN_UNINITIALIZED_AUTOS = YES_AGGRESSIVE;
				GCC_WARN_UNUSED_FUNCTION = YES;
				GCC_WARN_UNUSED_VARIABLE = YES;
				IPHONEOS_DEPLOYMENT_TARGET = 12.2;
				MTL_ENABLE_DEBUG_INFO = INCLUDE_SOURCE;
				MTL_FAST_MATH = YES;
				ONLY_ACTIVE_ARCH = YES;
				SDKROOT = iphoneos;
				SWIFT_ACTIVE_COMPILATION_CONDITIONS = DEBUG;
				SWIFT_OPTIMIZATION_LEVEL = "-Onone";
			};
			name = Debug;
		};
		9C718D5222B4C0890075A93A /* Release */ = {
			isa = XCBuildConfiguration;
			buildSettings = {
				ALWAYS_SEARCH_USER_PATHS = NO;
				CLANG_ANALYZER_NONNULL = YES;
				CLANG_ANALYZER_NUMBER_OBJECT_CONVERSION = YES_AGGRESSIVE;
				CLANG_CXX_LANGUAGE_STANDARD = "gnu++14";
				CLANG_CXX_LIBRARY = "libc++";
				CLANG_ENABLE_MODULES = YES;
				CLANG_ENABLE_OBJC_ARC = YES;
				CLANG_ENABLE_OBJC_WEAK = YES;
				CLANG_WARN_BLOCK_CAPTURE_AUTORELEASING = YES;
				CLANG_WARN_BOOL_CONVERSION = YES;
				CLANG_WARN_COMMA = YES;
				CLANG_WARN_CONSTANT_CONVERSION = YES;
				CLANG_WARN_DEPRECATED_OBJC_IMPLEMENTATIONS = YES;
				CLANG_WARN_DIRECT_OBJC_ISA_USAGE = YES_ERROR;
				CLANG_WARN_DOCUMENTATION_COMMENTS = YES;
				CLANG_WARN_EMPTY_BODY = YES;
				CLANG_WARN_ENUM_CONVERSION = YES;
				CLANG_WARN_INFINITE_RECURSION = YES;
				CLANG_WARN_INT_CONVERSION = YES;
				CLANG_WARN_NON_LITERAL_NULL_CONVERSION = YES;
				CLANG_WARN_OBJC_IMPLICIT_RETAIN_SELF = YES;
				CLANG_WARN_OBJC_LITERAL_CONVERSION = YES;
				CLANG_WARN_OBJC_ROOT_CLASS = YES_ERROR;
				CLANG_WARN_RANGE_LOOP_ANALYSIS = YES;
				CLANG_WARN_STRICT_PROTOTYPES = YES;
				CLANG_WARN_SUSPICIOUS_MOVE = YES;
				CLANG_WARN_UNGUARDED_AVAILABILITY = YES_AGGRESSIVE;
				CLANG_WARN_UNREACHABLE_CODE = YES;
				CLANG_WARN__DUPLICATE_METHOD_MATCH = YES;
				CODE_SIGN_IDENTITY = "iPhone Developer";
				COPY_PHASE_STRIP = NO;
				DEBUG_INFORMATION_FORMAT = "dwarf-with-dsym";
				ENABLE_NS_ASSERTIONS = NO;
				ENABLE_STRICT_OBJC_MSGSEND = YES;
				GCC_C_LANGUAGE_STANDARD = gnu11;
				GCC_NO_COMMON_BLOCKS = YES;
				GCC_WARN_64_TO_32_BIT_CONVERSION = YES;
				GCC_WARN_ABOUT_RETURN_TYPE = YES_ERROR;
				GCC_WARN_UNDECLARED_SELECTOR = YES;
				GCC_WARN_UNINITIALIZED_AUTOS = YES_AGGRESSIVE;
				GCC_WARN_UNUSED_FUNCTION = YES;
				GCC_WARN_UNUSED_VARIABLE = YES;
				IPHONEOS_DEPLOYMENT_TARGET = 12.2;
				MTL_ENABLE_DEBUG_INFO = NO;
				MTL_FAST_MATH = YES;
				SDKROOT = iphoneos;
				SWIFT_COMPILATION_MODE = wholemodule;
				SWIFT_OPTIMIZATION_LEVEL = "-O";
				VALIDATE_PRODUCT = YES;
			};
			name = Release;
		};
		9C718D5422B4C0890075A93A /* Debug */ = {
			isa = XCBuildConfiguration;
			buildSettings = {
				ASSETCATALOG_COMPILER_APPICON_NAME = AppIcon;
				CODE_SIGN_STYLE = Automatic;
				INFOPLIST_FILE = Count/Info.plist;
				LD_RUNPATH_SEARCH_PATHS = (
					"$(inherited)",
					"@executable_path/Frameworks",
				);
				PRODUCT_BUNDLE_IDENTIFIER = "com.endo-takumi.www.count.Count";
				PRODUCT_NAME = "$(TARGET_NAME)";
				SWIFT_VERSION = 5.0;
				TARGETED_DEVICE_FAMILY = "1,2";
			};
			name = Debug;
		};
		9C718D5522B4C0890075A93A /* Release */ = {
			isa = XCBuildConfiguration;
			buildSettings = {
				ASSETCATALOG_COMPILER_APPICON_NAME = AppIcon;
				CODE_SIGN_STYLE = Automatic;
				INFOPLIST_FILE = Count/Info.plist;
				LD_RUNPATH_SEARCH_PATHS = (
					"$(inherited)",
					"@executable_path/Frameworks",
				);
				PRODUCT_BUNDLE_IDENTIFIER = "com.endo-takumi.www.count.Count";
				PRODUCT_NAME = "$(TARGET_NAME)";
				SWIFT_VERSION = 5.0;
				TARGETED_DEVICE_FAMILY = "1,2";
			};
			name = Release;
		};
		9C718D5722B4C0890075A93A /* Debug */ = {
			isa = XCBuildConfiguration;
			buildSettings = {
				ALWAYS_EMBED_SWIFT_STANDARD_LIBRARIES = YES;
				BUNDLE_LOADER = "$(TEST_HOST)";
				CODE_SIGN_STYLE = Automatic;
				INFOPLIST_FILE = CountTests/Info.plist;
				LD_RUNPATH_SEARCH_PATHS = (
					"$(inherited)",
					"@executable_path/Frameworks",
					"@loader_path/Frameworks",
				);
				PRODUCT_BUNDLE_IDENTIFIER = "com.endo-takumi.www.count.CountTests";
				PRODUCT_NAME = "$(TARGET_NAME)";
				SWIFT_VERSION = 5.0;
				TARGETED_DEVICE_FAMILY = "1,2";
				TEST_HOST = "$(BUILT_PRODUCTS_DIR)/Count.app/Count";
			};
			name = Debug;
		};
		9C718D5822B4C0890075A93A /* Release */ = {
			isa = XCBuildConfiguration;
			buildSettings = {
				ALWAYS_EMBED_SWIFT_STANDARD_LIBRARIES = YES;
				BUNDLE_LOADER = "$(TEST_HOST)";
				CODE_SIGN_STYLE = Automatic;
				INFOPLIST_FILE = CountTests/Info.plist;
				LD_RUNPATH_SEARCH_PATHS = (
					"$(inherited)",
					"@executable_path/Frameworks",
					"@loader_path/Frameworks",
				);
				PRODUCT_BUNDLE_IDENTIFIER = "com.endo-takumi.www.count.CountTests";
				PRODUCT_NAME = "$(TARGET_NAME)";
				SWIFT_VERSION = 5.0;
				TARGETED_DEVICE_FAMILY = "1,2";
				TEST_HOST = "$(BUILT_PRODUCTS_DIR)/Count.app/Count";
			};
			name = Release;
		};
		9C718D5A22B4C0890075A93A /* Debug */ = {
			isa = XCBuildConfiguration;
			buildSettings = {
				ALWAYS_EMBED_SWIFT_STANDARD_LIBRARIES = YES;
				CODE_SIGN_STYLE = Automatic;
				INFOPLIST_FILE = CountUITests/Info.plist;
				LD_RUNPATH_SEARCH_PATHS = (
					"$(inherited)",
					"@executable_path/Frameworks",
					"@loader_path/Frameworks",
				);
				PRODUCT_BUNDLE_IDENTIFIER = "com.endo-takumi.www.count.CountUITests";
				PRODUCT_NAME = "$(TARGET_NAME)";
				SWIFT_VERSION = 5.0;
				TARGETED_DEVICE_FAMILY = "1,2";
				TEST_TARGET_NAME = Count;
			};
			name = Debug;
		};
		9C718D5B22B4C0890075A93A /* Release */ = {
			isa = XCBuildConfiguration;
			buildSettings = {
				ALWAYS_EMBED_SWIFT_STANDARD_LIBRARIES = YES;
				CODE_SIGN_STYLE = Automatic;
				INFOPLIST_FILE = CountUITests/Info.plist;
				LD_RUNPATH_SEARCH_PATHS = (
					"$(inherited)",
					"@executable_path/Frameworks",
					"@loader_path/Frameworks",
				);
				PRODUCT_BUNDLE_IDENTIFIER = "com.endo-takumi.www.count.CountUITests";
				PRODUCT_NAME = "$(TARGET_NAME)";
				SWIFT_VERSION = 5.0;
				TARGETED_DEVICE_FAMILY = "1,2";
				TEST_TARGET_NAME = Count;
			};
			name = Release;
		};
/* End XCBuildConfiguration section */

/* Begin XCConfigurationList section */
		9C718D2622B4C0870075A93A /* Build configuration list for PBXProject "Count" */ = {
			isa = XCConfigurationList;
			buildConfigurations = (
				9C718D5122B4C0890075A93A /* Debug */,
				9C718D5222B4C0890075A93A /* Release */,
			);
			defaultConfigurationIsVisible = 0;
			defaultConfigurationName = Release;
		};
		9C718D5322B4C0890075A93A /* Build configuration list for PBXNativeTarget "Count" */ = {
			isa = XCConfigurationList;
			buildConfigurations = (
				9C718D5422B4C0890075A93A /* Debug */,
				9C718D5522B4C0890075A93A /* Release */,
			);
			defaultConfigurationIsVisible = 0;
			defaultConfigurationName = Release;
		};
		9C718D5622B4C0890075A93A /* Build configuration list for PBXNativeTarget "CountTests" */ = {
			isa = XCConfigurationList;
			buildConfigurations = (
				9C718D5722B4C0890075A93A /* Debug */,
				9C718D5822B4C0890075A93A /* Release */,
			);
			defaultConfigurationIsVisible = 0;
			defaultConfigurationName = Release;
		};
		9C718D5922B4C0890075A93A /* Build configuration list for PBXNativeTarget "CountUITests" */ = {
			isa = XCConfigurationList;
			buildConfigurations = (
				9C718D5A22B4C0890075A93A /* Debug */,
				9C718D5B22B4C0890075A93A /* Release */,
			);
			defaultConfigurationIsVisible = 0;
			defaultConfigurationName = Release;
		};
/* End XCConfigurationList section */
	};
	rootObject = 9C718D2322B4C0870075A93A /* Project object */;
}
